
Microsoft Visual Studio Solution File, Format Version 12.00
# Visual Studio 14
VisualStudioVersion = 14.0.25420.1
MinimumVisualStudioVersion = 10.0.40219.1
Project("{FAE04EC0-301F-11D3-BF4B-00C04F79EFBC}") = "Principal", "Principal\Principal.csproj", "{9F0D8F9E-516A-4532-82A9-02CE9260C5A7}"
EndProject
Project("{FAE04EC0-301F-11D3-BF4B-00C04F79EFBC}") = "DigoFramework", "DigoFramework\DigoFramework.csproj", "{93078DE5-A910-4AD6-A942-657582105493}"
EndProject
Project("{FAE04EC0-301F-11D3-BF4B-00C04F79EFBC}") = "NetZ.Web", "Web\NetZ.Web.csproj", "{BF12701F-12D8-41D0-9269-D8921568AA82}"
EndProject
Project("{2150E333-8FDC-42A3-9474-1A3956D46DE8}") = "TypeScript", "TypeScript", "{643E5AD4-73A7-4C46-B9AA-5EA0356E68A3}"
EndProject
Project("{FAE04EC0-301F-11D3-BF4B-00C04F79EFBC}") = "Web.TypeScript", "Web.TypeScript\Web.TypeScript.csproj", "{502B98CF-A528-4168-A5F4-F04641BCEE6D}"
EndProject
Project("{FAE04EC0-301F-11D3-BF4B-00C04F79EFBC}") = "NetZ.Persistencia", "Persistencia\NetZ.Persistencia.csproj", "{5FDEBACF-1812-47A0-8FBA-25DB3AD2B31C}"
EndProject
Project("{FAE04EC0-301F-11D3-BF4B-00C04F79EFBC}") = "Drive.TypeScript", "Drive.TypeScript\Drive.TypeScript.csproj", "{657ABA4A-62F3-4976-A70F-DE5D3A0CD996}"
EndProject
Global
	GlobalSection(SolutionConfigurationPlatforms) = preSolution
		Debug (Cliente)|Any CPU = Debug (Cliente)|Any CPU
		Debug (Cliente)|x86 = Debug (Cliente)|x86
		Debug (local)|Any CPU = Debug (local)|Any CPU
		Debug (local)|x86 = Debug (local)|x86
		Debug (main)|Any CPU = Debug (main)|Any CPU
		Debug (main)|x86 = Debug (main)|x86
		Debug|Any CPU = Debug|Any CPU
		Debug|x86 = Debug|x86
		Release|Any CPU = Release|Any CPU
		Release|x86 = Release|x86
		Server|Any CPU = Server|Any CPU
		Server|x86 = Server|x86
	EndGlobalSection
	GlobalSection(ProjectConfigurationPlatforms) = postSolution
		{9F0D8F9E-516A-4532-82A9-02CE9260C5A7}.Debug (Cliente)|Any CPU.ActiveCfg = Debug|Any CPU
		{9F0D8F9E-516A-4532-82A9-02CE9260C5A7}.Debug (Cliente)|Any CPU.Build.0 = Debug|Any CPU
		{9F0D8F9E-516A-4532-82A9-02CE9260C5A7}.Debug (Cliente)|x86.ActiveCfg = Debug|Any CPU
		{9F0D8F9E-516A-4532-82A9-02CE9260C5A7}.Debug (Cliente)|x86.Build.0 = Debug|Any CPU
		{9F0D8F9E-516A-4532-82A9-02CE9260C5A7}.Debug (local)|Any CPU.ActiveCfg = Debug|Any CPU
		{9F0D8F9E-516A-4532-82A9-02CE9260C5A7}.Debug (local)|Any CPU.Build.0 = Debug|Any CPU
		{9F0D8F9E-516A-4532-82A9-02CE9260C5A7}.Debug (local)|x86.ActiveCfg = Debug|Any CPU
		{9F0D8F9E-516A-4532-82A9-02CE9260C5A7}.Debug (local)|x86.Build.0 = Debug|Any CPU
		{9F0D8F9E-516A-4532-82A9-02CE9260C5A7}.Debug (main)|Any CPU.ActiveCfg = Debug|Any CPU
		{9F0D8F9E-516A-4532-82A9-02CE9260C5A7}.Debug (main)|Any CPU.Build.0 = Debug|Any CPU
		{9F0D8F9E-516A-4532-82A9-02CE9260C5A7}.Debug (main)|x86.ActiveCfg = Debug|Any CPU
		{9F0D8F9E-516A-4532-82A9-02CE9260C5A7}.Debug (main)|x86.Build.0 = Debug|Any CPU
		{9F0D8F9E-516A-4532-82A9-02CE9260C5A7}.Debug|Any CPU.ActiveCfg = Debug|Any CPU
		{9F0D8F9E-516A-4532-82A9-02CE9260C5A7}.Debug|Any CPU.Build.0 = Debug|Any CPU
		{9F0D8F9E-516A-4532-82A9-02CE9260C5A7}.Debug|x86.ActiveCfg = Debug|Any CPU
		{9F0D8F9E-516A-4532-82A9-02CE9260C5A7}.Debug|x86.Build.0 = Debug|Any CPU
		{9F0D8F9E-516A-4532-82A9-02CE9260C5A7}.Release|Any CPU.ActiveCfg = Release|Any CPU
		{9F0D8F9E-516A-4532-82A9-02CE9260C5A7}.Release|Any CPU.Build.0 = Release|Any CPU
		{9F0D8F9E-516A-4532-82A9-02CE9260C5A7}.Release|x86.ActiveCfg = Release|Any CPU
		{9F0D8F9E-516A-4532-82A9-02CE9260C5A7}.Release|x86.Build.0 = Release|Any CPU
		{9F0D8F9E-516A-4532-82A9-02CE9260C5A7}.Server|Any CPU.ActiveCfg = Release|Any CPU
		{9F0D8F9E-516A-4532-82A9-02CE9260C5A7}.Server|Any CPU.Build.0 = Release|Any CPU
		{9F0D8F9E-516A-4532-82A9-02CE9260C5A7}.Server|x86.ActiveCfg = Release|Any CPU
		{9F0D8F9E-516A-4532-82A9-02CE9260C5A7}.Server|x86.Build.0 = Release|Any CPU
		{93078DE5-A910-4AD6-A942-657582105493}.Debug (Cliente)|Any CPU.ActiveCfg = Debug (Cliente)|Any CPU
		{93078DE5-A910-4AD6-A942-657582105493}.Debug (Cliente)|Any CPU.Build.0 = Debug (Cliente)|Any CPU
		{93078DE5-A910-4AD6-A942-657582105493}.Debug (Cliente)|x86.ActiveCfg = Debug (Cliente)|x86
		{93078DE5-A910-4AD6-A942-657582105493}.Debug (Cliente)|x86.Build.0 = Debug (Cliente)|x86
		{93078DE5-A910-4AD6-A942-657582105493}.Debug (local)|Any CPU.ActiveCfg = Debug (Cliente)|Any CPU
		{93078DE5-A910-4AD6-A942-657582105493}.Debug (local)|Any CPU.Build.0 = Debug (Cliente)|Any CPU
		{93078DE5-A910-4AD6-A942-657582105493}.Debug (local)|x86.ActiveCfg = Debug (Cliente)|x86
		{93078DE5-A910-4AD6-A942-657582105493}.Debug (local)|x86.Build.0 = Debug (Cliente)|x86
		{93078DE5-A910-4AD6-A942-657582105493}.Debug (main)|Any CPU.ActiveCfg = Debug (Cliente)|Any CPU
		{93078DE5-A910-4AD6-A942-657582105493}.Debug (main)|Any CPU.Build.0 = Debug (Cliente)|Any CPU
		{93078DE5-A910-4AD6-A942-657582105493}.Debug (main)|x86.ActiveCfg = Debug (Cliente)|x86
		{93078DE5-A910-4AD6-A942-657582105493}.Debug (main)|x86.Build.0 = Debug (Cliente)|x86
		{93078DE5-A910-4AD6-A942-657582105493}.Debug|Any CPU.ActiveCfg = Debug|Any CPU
		{93078DE5-A910-4AD6-A942-657582105493}.Debug|Any CPU.Build.0 = Debug|Any CPU
		{93078DE5-A910-4AD6-A942-657582105493}.Debug|x86.ActiveCfg = Debug|x86
		{93078DE5-A910-4AD6-A942-657582105493}.Debug|x86.Build.0 = Debug|x86
		{93078DE5-A910-4AD6-A942-657582105493}.Release|Any CPU.ActiveCfg = Release|Any CPU
		{93078DE5-A910-4AD6-A942-657582105493}.Release|Any CPU.Build.0 = Release|Any CPU
		{93078DE5-A910-4AD6-A942-657582105493}.Release|x86.ActiveCfg = Release|x86
		{93078DE5-A910-4AD6-A942-657582105493}.Release|x86.Build.0 = Release|x86
		{93078DE5-A910-4AD6-A942-657582105493}.Server|Any CPU.ActiveCfg = Server|Any CPU
		{93078DE5-A910-4AD6-A942-657582105493}.Server|Any CPU.Build.0 = Server|Any CPU
		{93078DE5-A910-4AD6-A942-657582105493}.Server|x86.ActiveCfg = Server|x86
		{93078DE5-A910-4AD6-A942-657582105493}.Server|x86.Build.0 = Server|x86
		{BF12701F-12D8-41D0-9269-D8921568AA82}.Debug (Cliente)|Any CPU.ActiveCfg = Debug|Any CPU
		{BF12701F-12D8-41D0-9269-D8921568AA82}.Debug (Cliente)|Any CPU.Build.0 = Debug|Any CPU
		{BF12701F-12D8-41D0-9269-D8921568AA82}.Debug (Cliente)|x86.ActiveCfg = Debug|Any CPU
		{BF12701F-12D8-41D0-9269-D8921568AA82}.Debug (Cliente)|x86.Build.0 = Debug|Any CPU
		{BF12701F-12D8-41D0-9269-D8921568AA82}.Debug (local)|Any CPU.ActiveCfg = Debug|Any CPU
		{BF12701F-12D8-41D0-9269-D8921568AA82}.Debug (local)|Any CPU.Build.0 = Debug|Any CPU
		{BF12701F-12D8-41D0-9269-D8921568AA82}.Debug (local)|x86.ActiveCfg = Debug|Any CPU
		{BF12701F-12D8-41D0-9269-D8921568AA82}.Debug (local)|x86.Build.0 = Debug|Any CPU
		{BF12701F-12D8-41D0-9269-D8921568AA82}.Debug (main)|Any CPU.ActiveCfg = Debug|Any CPU
		{BF12701F-12D8-41D0-9269-D8921568AA82}.Debug (main)|Any CPU.Build.0 = Debug|Any CPU
		{BF12701F-12D8-41D0-9269-D8921568AA82}.Debug (main)|x86.ActiveCfg = Debug|Any CPU
		{BF12701F-12D8-41D0-9269-D8921568AA82}.Debug (main)|x86.Build.0 = Debug|Any CPU
		{BF12701F-12D8-41D0-9269-D8921568AA82}.Debug|Any CPU.ActiveCfg = Debug|Any CPU
		{BF12701F-12D8-41D0-9269-D8921568AA82}.Debug|Any CPU.Build.0 = Debug|Any CPU
		{BF12701F-12D8-41D0-9269-D8921568AA82}.Debug|x86.ActiveCfg = Debug|Any CPU
		{BF12701F-12D8-41D0-9269-D8921568AA82}.Debug|x86.Build.0 = Debug|Any CPU
		{BF12701F-12D8-41D0-9269-D8921568AA82}.Release|Any CPU.ActiveCfg = Release|Any CPU
		{BF12701F-12D8-41D0-9269-D8921568AA82}.Release|Any CPU.Build.0 = Release|Any CPU
		{BF12701F-12D8-41D0-9269-D8921568AA82}.Release|x86.ActiveCfg = Release|Any CPU
		{BF12701F-12D8-41D0-9269-D8921568AA82}.Release|x86.Build.0 = Release|Any CPU
		{BF12701F-12D8-41D0-9269-D8921568AA82}.Server|Any CPU.ActiveCfg = Release|Any CPU
		{BF12701F-12D8-41D0-9269-D8921568AA82}.Server|Any CPU.Build.0 = Release|Any CPU
		{BF12701F-12D8-41D0-9269-D8921568AA82}.Server|x86.ActiveCfg = Release|Any CPU
		{BF12701F-12D8-41D0-9269-D8921568AA82}.Server|x86.Build.0 = Release|Any CPU
		{502B98CF-A528-4168-A5F4-F04641BCEE6D}.Debug (Cliente)|Any CPU.ActiveCfg = Debug (local)|Any CPU
		{502B98CF-A528-4168-A5F4-F04641BCEE6D}.Debug (Cliente)|Any CPU.Build.0 = Debug (local)|Any CPU
		{502B98CF-A528-4168-A5F4-F04641BCEE6D}.Debug (Cliente)|x86.ActiveCfg = Debug (local)|Any CPU
		{502B98CF-A528-4168-A5F4-F04641BCEE6D}.Debug (Cliente)|x86.Build.0 = Debug (local)|Any CPU
		{502B98CF-A528-4168-A5F4-F04641BCEE6D}.Debug (local)|Any CPU.ActiveCfg = Debug (local)|Any CPU
		{502B98CF-A528-4168-A5F4-F04641BCEE6D}.Debug (local)|Any CPU.Build.0 = Debug (local)|Any CPU
		{502B98CF-A528-4168-A5F4-F04641BCEE6D}.Debug (local)|x86.ActiveCfg = Debug (local)|Any CPU
		{502B98CF-A528-4168-A5F4-F04641BCEE6D}.Debug (local)|x86.Build.0 = Debug (local)|Any CPU
		{502B98CF-A528-4168-A5F4-F04641BCEE6D}.Debug (main)|Any CPU.ActiveCfg = Debug (main)|Any CPU
		{502B98CF-A528-4168-A5F4-F04641BCEE6D}.Debug (main)|Any CPU.Build.0 = Debug (main)|Any CPU
		{502B98CF-A528-4168-A5F4-F04641BCEE6D}.Debug (main)|x86.ActiveCfg = Debug (main)|Any CPU
		{502B98CF-A528-4168-A5F4-F04641BCEE6D}.Debug (main)|x86.Build.0 = Debug (main)|Any CPU
		{502B98CF-A528-4168-A5F4-F04641BCEE6D}.Debug|Any CPU.ActiveCfg = Debug|Any CPU
		{502B98CF-A528-4168-A5F4-F04641BCEE6D}.Debug|Any CPU.Build.0 = Debug|Any CPU
		{502B98CF-A528-4168-A5F4-F04641BCEE6D}.Debug|x86.ActiveCfg = Debug|Any CPU
		{502B98CF-A528-4168-A5F4-F04641BCEE6D}.Debug|x86.Build.0 = Debug|Any CPU
		{502B98CF-A528-4168-A5F4-F04641BCEE6D}.Release|Any CPU.ActiveCfg = Release|Any CPU
		{502B98CF-A528-4168-A5F4-F04641BCEE6D}.Release|Any CPU.Build.0 = Release|Any CPU
		{502B98CF-A528-4168-A5F4-F04641BCEE6D}.Release|x86.ActiveCfg = Release|Any CPU
		{502B98CF-A528-4168-A5F4-F04641BCEE6D}.Release|x86.Build.0 = Release|Any CPU
		{502B98CF-A528-4168-A5F4-F04641BCEE6D}.Server|Any CPU.ActiveCfg = Debug (local)|Any CPU
		{502B98CF-A528-4168-A5F4-F04641BCEE6D}.Server|Any CPU.Build.0 = Debug (local)|Any CPU
		{502B98CF-A528-4168-A5F4-F04641BCEE6D}.Server|x86.ActiveCfg = Debug (local)|Any CPU
		{502B98CF-A528-4168-A5F4-F04641BCEE6D}.Server|x86.Build.0 = Debug (local)|Any CPU
		{5FDEBACF-1812-47A0-8FBA-25DB3AD2B31C}.Debug (Cliente)|Any CPU.ActiveCfg = Debug|Any CPU
		{5FDEBACF-1812-47A0-8FBA-25DB3AD2B31C}.Debug (Cliente)|Any CPU.Build.0 = Debug|Any CPU
		{5FDEBACF-1812-47A0-8FBA-25DB3AD2B31C}.Debug (Cliente)|x86.ActiveCfg = Debug|Any CPU
		{5FDEBACF-1812-47A0-8FBA-25DB3AD2B31C}.Debug (Cliente)|x86.Build.0 = Debug|Any CPU
		{5FDEBACF-1812-47A0-8FBA-25DB3AD2B31C}.Debug (local)|Any CPU.ActiveCfg = Debug|Any CPU
		{5FDEBACF-1812-47A0-8FBA-25DB3AD2B31C}.Debug (local)|Any CPU.Build.0 = Debug|Any CPU
		{5FDEBACF-1812-47A0-8FBA-25DB3AD2B31C}.Debug (local)|x86.ActiveCfg = Debug|Any CPU
		{5FDEBACF-1812-47A0-8FBA-25DB3AD2B31C}.Debug (local)|x86.Build.0 = Debug|Any CPU
		{5FDEBACF-1812-47A0-8FBA-25DB3AD2B31C}.Debug (main)|Any CPU.ActiveCfg = Debug|Any CPU
		{5FDEBACF-1812-47A0-8FBA-25DB3AD2B31C}.Debug (main)|Any CPU.Build.0 = Debug|Any CPU
		{5FDEBACF-1812-47A0-8FBA-25DB3AD2B31C}.Debug (main)|x86.ActiveCfg = Debug|Any CPU
		{5FDEBACF-1812-47A0-8FBA-25DB3AD2B31C}.Debug (main)|x86.Build.0 = Debug|Any CPU
		{5FDEBACF-1812-47A0-8FBA-25DB3AD2B31C}.Debug|Any CPU.ActiveCfg = Debug|Any CPU
		{5FDEBACF-1812-47A0-8FBA-25DB3AD2B31C}.Debug|Any CPU.Build.0 = Debug|Any CPU
		{5FDEBACF-1812-47A0-8FBA-25DB3AD2B31C}.Debug|x86.ActiveCfg = Debug|Any CPU
		{5FDEBACF-1812-47A0-8FBA-25DB3AD2B31C}.Debug|x86.Build.0 = Debug|Any CPU
		{5FDEBACF-1812-47A0-8FBA-25DB3AD2B31C}.Release|Any CPU.ActiveCfg = Release|Any CPU
		{5FDEBACF-1812-47A0-8FBA-25DB3AD2B31C}.Release|Any CPU.Build.0 = Release|Any CPU
		{5FDEBACF-1812-47A0-8FBA-25DB3AD2B31C}.Release|x86.ActiveCfg = Release|Any CPU
		{5FDEBACF-1812-47A0-8FBA-25DB3AD2B31C}.Release|x86.Build.0 = Release|Any CPU
		{5FDEBACF-1812-47A0-8FBA-25DB3AD2B31C}.Server|Any CPU.ActiveCfg = Release|Any CPU
		{5FDEBACF-1812-47A0-8FBA-25DB3AD2B31C}.Server|Any CPU.Build.0 = Release|Any CPU
		{5FDEBACF-1812-47A0-8FBA-25DB3AD2B31C}.Server|x86.ActiveCfg = Release|Any CPU
		{5FDEBACF-1812-47A0-8FBA-25DB3AD2B31C}.Server|x86.Build.0 = Release|Any CPU
		{657ABA4A-62F3-4976-A70F-DE5D3A0CD996}.Debug (Cliente)|Any CPU.ActiveCfg = Debug|Any CPU
		{657ABA4A-62F3-4976-A70F-DE5D3A0CD996}.Debug (Cliente)|Any CPU.Build.0 = Debug|Any CPU
		{657ABA4A-62F3-4976-A70F-DE5D3A0CD996}.Debug (Cliente)|x86.ActiveCfg = Debug|Any CPU
		{657ABA4A-62F3-4976-A70F-DE5D3A0CD996}.Debug (Cliente)|x86.Build.0 = Debug|Any CPU
		{657ABA4A-62F3-4976-A70F-DE5D3A0CD996}.Debug (local)|Any CPU.ActiveCfg = Debug|Any CPU
		{657ABA4A-62F3-4976-A70F-DE5D3A0CD996}.Debug (local)|Any CPU.Build.0 = Debug|Any CPU
		{657ABA4A-62F3-4976-A70F-DE5D3A0CD996}.Debug (local)|x86.ActiveCfg = Debug|Any CPU
		{657ABA4A-62F3-4976-A70F-DE5D3A0CD996}.Debug (local)|x86.Build.0 = Debug|Any CPU
		{657ABA4A-62F3-4976-A70F-DE5D3A0CD996}.Debug (main)|Any CPU.ActiveCfg = Debug|Any CPU
		{657ABA4A-62F3-4976-A70F-DE5D3A0CD996}.Debug (main)|Any CPU.Build.0 = Debug|Any CPU
		{657ABA4A-62F3-4976-A70F-DE5D3A0CD996}.Debug (main)|x86.ActiveCfg = Debug|Any CPU
		{657ABA4A-62F3-4976-A70F-DE5D3A0CD996}.Debug (main)|x86.Build.0 = Debug|Any CPU
		{657ABA4A-62F3-4976-A70F-DE5D3A0CD996}.Debug|Any CPU.ActiveCfg = Debug|Any CPU
		{657ABA4A-62F3-4976-A70F-DE5D3A0CD996}.Debug|Any CPU.Build.0 = Debug|Any CPU
		{657ABA4A-62F3-4976-A70F-DE5D3A0CD996}.Debug|x86.ActiveCfg = Debug|Any CPU
		{657ABA4A-62F3-4976-A70F-DE5D3A0CD996}.Debug|x86.Build.0 = Debug|Any CPU
		{657ABA4A-62F3-4976-A70F-DE5D3A0CD996}.Release|Any CPU.ActiveCfg = Release|Any CPU
		{657ABA4A-62F3-4976-A70F-DE5D3A0CD996}.Release|Any CPU.Build.0 = Release|Any CPU
		{657ABA4A-62F3-4976-A70F-DE5D3A0CD996}.Release|x86.ActiveCfg = Release|Any CPU
		{657ABA4A-62F3-4976-A70F-DE5D3A0CD996}.Release|x86.Build.0 = Release|Any CPU
		{657ABA4A-62F3-4976-A70F-DE5D3A0CD996}.Server|Any CPU.ActiveCfg = Debug|Any CPU
		{657ABA4A-62F3-4976-A70F-DE5D3A0CD996}.Server|Any CPU.Build.0 = Debug|Any CPU
		{657ABA4A-62F3-4976-A70F-DE5D3A0CD996}.Server|x86.ActiveCfg = Debug|Any CPU
		{657ABA4A-62F3-4976-A70F-DE5D3A0CD996}.Server|x86.Build.0 = Debug|Any CPU
	EndGlobalSection
	GlobalSection(SolutionProperties) = preSolution
		HideSolutionNode = FALSE
	EndGlobalSection
	GlobalSection(NestedProjects) = preSolution
		{502B98CF-A528-4168-A5F4-F04641BCEE6D} = {643E5AD4-73A7-4C46-B9AA-5EA0356E68A3}
		{657ABA4A-62F3-4976-A70F-DE5D3A0CD996} = {643E5AD4-73A7-4C46-B9AA-5EA0356E68A3}
	EndGlobalSection
EndGlobal
